
Microsoft Visual Studio Solution File, Format Version 12.00
# Visual Studio Version 17
VisualStudioVersion = 17.4.33213.308
MinimumVisualStudioVersion = 10.0.40219.1
Project("{FAE04EC0-301F-11D3-BF4B-00C04F79EFBC}") = "eCommerceConcertTickets", "eCommerceConcertTickets.csproj", "{5521F1F8-A645-45FD-B89C-D7BFD07A0C61}"
EndProject
Global
	GlobalSection(SolutionConfigurationPlatforms) = preSolution
		Debug|Any CPU = Debug|Any CPU
		Release|Any CPU = Release|Any CPU
	EndGlobalSection
	GlobalSection(ProjectConfigurationPlatforms) = postSolution
		{5521F1F8-A645-45FD-B89C-D7BFD07A0C61}.Debug|Any CPU.ActiveCfg = Debug|Any CPU
		{5521F1F8-A645-45FD-B89C-D7BFD07A0C61}.Debug|Any CPU.Build.0 = Debug|Any CPU
		{5521F1F8-A645-45FD-B89C-D7BFD07A0C61}.Release|Any CPU.ActiveCfg = Release|Any CPU
		{5521F1F8-A645-45FD-B89C-D7BFD07A0C61}.Release|Any CPU.Build.0 = Release|Any CPU
	EndGlobalSection
	GlobalSection(SolutionProperties) = preSolution
		HideSolutionNode = FALSE
	EndGlobalSection
	GlobalSection(ExtensibilityGlobals) = postSolution
		SolutionGuid = {F468F825-DE83-418D-8F88-F271D95F4439}
	EndGlobalSection
EndGlobal
